
Microsoft Visual Studio Solution File, Format Version 12.00
# Visual Studio Version 16
VisualStudioVersion = 16.0.30114.105
MinimumVisualStudioVersion = 10.0.40219.1
Project("{9A19103F-16F7-4668-BE54-9A1E7A4F7556}") = "WorkPlanning.API", "WorkPlanning.API\WorkPlanning.API.csproj", "{9D757E9D-4A81-4EC2-BBD8-8282028E5B12}"
EndProject
Project("{9A19103F-16F7-4668-BE54-9A1E7A4F7556}") = "WorkPlanning.Tests", "WorkPlanning.Tests\WorkPlanning.Tests.csproj", "{514D5DF7-C095-4BB8-B865-E6F118F017BB}"
EndProject
Global
	GlobalSection(SolutionConfigurationPlatforms) = preSolution
		Debug|Any CPU = Debug|Any CPU
		Debug|x64 = Debug|x64
		Debug|x86 = Debug|x86
		Release|Any CPU = Release|Any CPU
		Release|x64 = Release|x64
		Release|x86 = Release|x86
	EndGlobalSection
	GlobalSection(ProjectConfigurationPlatforms) = postSolution
		{9D757E9D-4A81-4EC2-BBD8-8282028E5B12}.Debug|Any CPU.ActiveCfg = Debug|Any CPU
		{9D757E9D-4A81-4EC2-BBD8-8282028E5B12}.Debug|Any CPU.Build.0 = Debug|Any CPU
		{9D757E9D-4A81-4EC2-BBD8-8282028E5B12}.Debug|x64.ActiveCfg = Debug|Any CPU
		{9D757E9D-4A81-4EC2-BBD8-8282028E5B12}.Debug|x64.Build.0 = Debug|Any CPU
		{9D757E9D-4A81-4EC2-BBD8-8282028E5B12}.Debug|x86.ActiveCfg = Debug|Any CPU
		{9D757E9D-4A81-4EC2-BBD8-8282028E5B12}.Debug|x86.Build.0 = Debug|Any CPU
		{9D757E9D-4A81-4EC2-BBD8-8282028E5B12}.Release|Any CPU.ActiveCfg = Release|Any CPU
		{9D757E9D-4A81-4EC2-BBD8-8282028E5B12}.Release|Any CPU.Build.0 = Release|Any CPU
		{9D757E9D-4A81-4EC2-BBD8-8282028E5B12}.Release|x64.ActiveCfg = Release|Any CPU
		{9D757E9D-4A81-4EC2-BBD8-8282028E5B12}.Release|x64.Build.0 = Release|Any CPU
		{9D757E9D-4A81-4EC2-BBD8-8282028E5B12}.Release|x86.ActiveCfg = Release|Any CPU
		{9D757E9D-4A81-4EC2-BBD8-8282028E5B12}.Release|x86.Build.0 = Release|Any CPU
		{514D5DF7-C095-4BB8-B865-E6F118F017BB}.Debug|Any CPU.ActiveCfg = Debug|Any CPU
		{514D5DF7-C095-4BB8-B865-E6F118F017BB}.Debug|Any CPU.Build.0 = Debug|Any CPU
		{514D5DF7-C095-4BB8-B865-E6F118F017BB}.Debug|x64.ActiveCfg = Debug|Any CPU
		{514D5DF7-C095-4BB8-B865-E6F118F017BB}.Debug|x64.Build.0 = Debug|Any CPU
		{514D5DF7-C095-4BB8-B865-E6F118F017BB}.Debug|x86.ActiveCfg = Debug|Any CPU
		{514D5DF7-C095-4BB8-B865-E6F118F017BB}.Debug|x86.Build.0 = Debug|Any CPU
		{514D5DF7-C095-4BB8-B865-E6F118F017BB}.Release|Any CPU.ActiveCfg = Release|Any CPU
		{514D5DF7-C095-4BB8-B865-E6F118F017BB}.Release|Any CPU.Build.0 = Release|Any CPU
		{514D5DF7-C095-4BB8-B865-E6F118F017BB}.Release|x64.ActiveCfg = Release|Any CPU
		{514D5DF7-C095-4BB8-B865-E6F118F017BB}.Release|x64.Build.0 = Release|Any CPU
		{514D5DF7-C095-4BB8-B865-E6F118F017BB}.Release|x86.ActiveCfg = Release|Any CPU
		{514D5DF7-C095-4BB8-B865-E6F118F017BB}.Release|x86.Build.0 = Release|Any CPU
	EndGlobalSection
	GlobalSection(SolutionProperties) = preSolution
		HideSolutionNode = FALSE
	EndGlobalSection
	GlobalSection(ExtensibilityGlobals) = postSolution
		SolutionGuid = {729E0561-CCAF-477A-9D31-22A2829B8785}
	EndGlobalSection
EndGlobal
